
Microsoft Visual Studio Solution File, Format Version 12.00
# Visual Studio 2013
VisualStudioVersion = 12.0.30110.0
MinimumVisualStudioVersion = 10.0.40219.1
Project("{FAE04EC0-301F-11D3-BF4B-00C04F79EFBC}") = "TwoProjComm.ConsoleApp", "TwoProjComm.ConsoleApp\TwoProjComm.ConsoleApp.csproj", "{D111C192-47AF-4453-88ED-11211C408606}"
EndProject
Project("{FAE04EC0-301F-11D3-BF4B-00C04F79EFBC}") = "TwoProjComm.Web", "TwoProjComm.Web\TwoProjComm.Web.csproj", "{DA84DF08-B4C4-498A-BC95-C8FC991CD6CF}"
EndProject
Global
	GlobalSection(SolutionConfigurationPlatforms) = preSolution
		Debug|Any CPU = Debug|Any CPU
		Release|Any CPU = Release|Any CPU
	EndGlobalSection
	GlobalSection(ProjectConfigurationPlatforms) = postSolution
		{D111C192-47AF-4453-88ED-11211C408606}.Debug|Any CPU.ActiveCfg = Debug|Any CPU
		{D111C192-47AF-4453-88ED-11211C408606}.Debug|Any CPU.Build.0 = Debug|Any CPU
		{D111C192-47AF-4453-88ED-11211C408606}.Release|Any CPU.ActiveCfg = Release|Any CPU
		{D111C192-47AF-4453-88ED-11211C408606}.Release|Any CPU.Build.0 = Release|Any CPU
		{DA84DF08-B4C4-498A-BC95-C8FC991CD6CF}.Debug|Any CPU.ActiveCfg = Debug|Any CPU
		{DA84DF08-B4C4-498A-BC95-C8FC991CD6CF}.Debug|Any CPU.Build.0 = Debug|Any CPU
		{DA84DF08-B4C4-498A-BC95-C8FC991CD6CF}.Release|Any CPU.ActiveCfg = Release|Any CPU
		{DA84DF08-B4C4-498A-BC95-C8FC991CD6CF}.Release|Any CPU.Build.0 = Release|Any CPU
	EndGlobalSection
	GlobalSection(SolutionProperties) = preSolution
		HideSolutionNode = FALSE
	EndGlobalSection
EndGlobal
